
Microsoft Visual Studio Solution File, Format Version 12.00
Project("{FAE04EC0-301F-11D3-BF4B-00C04F79EFBC}") = "Logichain", "Logichain\Logichain.csproj", "{11334FD1-CE1A-40A3-9031-4A8E0C55EA83}"
EndProject
Project("{FAE04EC0-301F-11D3-BF4B-00C04F79EFBC}") = "Migrations", "Migrations\Migrations.csproj", "{990CA280-F072-4FC9-BBA3-7BD6C8D154E9}"
EndProject
Project("{FAE04EC0-301F-11D3-BF4B-00C04F79EFBC}") = "Services", "Services\Services.csproj", "{453E613E-5585-4DF0-B726-3B2D52C4F45A}"
EndProject
Project("{FAE04EC0-301F-11D3-BF4B-00C04F79EFBC}") = "Dtos", "Dtos\Dtos.csproj", "{0B64E853-3430-40D3-8D17-749E27DEBAAA}"
EndProject
Project("{FAE04EC0-301F-11D3-BF4B-00C04F79EFBC}") = "Repositories", "Repositories\Repositories.csproj", "{4CBDCD15-5990-49FC-A0FF-6605B21509C4}"
EndProject
Project("{FAE04EC0-301F-11D3-BF4B-00C04F79EFBC}") = "Common", "Common\Common.csproj", "{D4F7FB39-439C-438A-82B3-E24B4894A4AF}"
EndProject
Project("{FAE04EC0-301F-11D3-BF4B-00C04F79EFBC}") = "Models", "Models\Models.csproj", "{5F965FD5-E8AE-4D9A-BE33-A901E016C062}"
EndProject
Project("{FAE04EC0-301F-11D3-BF4B-00C04F79EFBC}") = "Migrations.Test", "Migrations.Test\Migrations.Test.csproj", "{337807C8-1A49-459E-8BFF-4C4B040A5BDD}"
EndProject
Global
	GlobalSection(SolutionConfigurationPlatforms) = preSolution
		Debug|Any CPU = Debug|Any CPU
		Release|Any CPU = Release|Any CPU
	EndGlobalSection
	GlobalSection(ProjectConfigurationPlatforms) = postSolution
		{11334FD1-CE1A-40A3-9031-4A8E0C55EA83}.Debug|Any CPU.ActiveCfg = Debug|Any CPU
		{11334FD1-CE1A-40A3-9031-4A8E0C55EA83}.Debug|Any CPU.Build.0 = Debug|Any CPU
		{11334FD1-CE1A-40A3-9031-4A8E0C55EA83}.Release|Any CPU.ActiveCfg = Release|Any CPU
		{11334FD1-CE1A-40A3-9031-4A8E0C55EA83}.Release|Any CPU.Build.0 = Release|Any CPU
		{990CA280-F072-4FC9-BBA3-7BD6C8D154E9}.Debug|Any CPU.ActiveCfg = Debug|Any CPU
		{990CA280-F072-4FC9-BBA3-7BD6C8D154E9}.Debug|Any CPU.Build.0 = Debug|Any CPU
		{990CA280-F072-4FC9-BBA3-7BD6C8D154E9}.Release|Any CPU.ActiveCfg = Release|Any CPU
		{990CA280-F072-4FC9-BBA3-7BD6C8D154E9}.Release|Any CPU.Build.0 = Release|Any CPU
		{453E613E-5585-4DF0-B726-3B2D52C4F45A}.Debug|Any CPU.ActiveCfg = Debug|Any CPU
		{453E613E-5585-4DF0-B726-3B2D52C4F45A}.Debug|Any CPU.Build.0 = Debug|Any CPU
		{453E613E-5585-4DF0-B726-3B2D52C4F45A}.Release|Any CPU.ActiveCfg = Release|Any CPU
		{453E613E-5585-4DF0-B726-3B2D52C4F45A}.Release|Any CPU.Build.0 = Release|Any CPU
		{0B64E853-3430-40D3-8D17-749E27DEBAAA}.Debug|Any CPU.ActiveCfg = Debug|Any CPU
		{0B64E853-3430-40D3-8D17-749E27DEBAAA}.Debug|Any CPU.Build.0 = Debug|Any CPU
		{0B64E853-3430-40D3-8D17-749E27DEBAAA}.Release|Any CPU.ActiveCfg = Release|Any CPU
		{0B64E853-3430-40D3-8D17-749E27DEBAAA}.Release|Any CPU.Build.0 = Release|Any CPU
		{4CBDCD15-5990-49FC-A0FF-6605B21509C4}.Debug|Any CPU.ActiveCfg = Debug|Any CPU
		{4CBDCD15-5990-49FC-A0FF-6605B21509C4}.Debug|Any CPU.Build.0 = Debug|Any CPU
		{4CBDCD15-5990-49FC-A0FF-6605B21509C4}.Release|Any CPU.ActiveCfg = Release|Any CPU
		{4CBDCD15-5990-49FC-A0FF-6605B21509C4}.Release|Any CPU.Build.0 = Release|Any CPU
		{D4F7FB39-439C-438A-82B3-E24B4894A4AF}.Debug|Any CPU.ActiveCfg = Debug|Any CPU
		{D4F7FB39-439C-438A-82B3-E24B4894A4AF}.Debug|Any CPU.Build.0 = Debug|Any CPU
		{D4F7FB39-439C-438A-82B3-E24B4894A4AF}.Release|Any CPU.ActiveCfg = Release|Any CPU
		{D4F7FB39-439C-438A-82B3-E24B4894A4AF}.Release|Any CPU.Build.0 = Release|Any CPU
		{5F965FD5-E8AE-4D9A-BE33-A901E016C062}.Debug|Any CPU.ActiveCfg = Debug|Any CPU
		{5F965FD5-E8AE-4D9A-BE33-A901E016C062}.Debug|Any CPU.Build.0 = Debug|Any CPU
		{5F965FD5-E8AE-4D9A-BE33-A901E016C062}.Release|Any CPU.ActiveCfg = Release|Any CPU
		{5F965FD5-E8AE-4D9A-BE33-A901E016C062}.Release|Any CPU.Build.0 = Release|Any CPU
		{337807C8-1A49-459E-8BFF-4C4B040A5BDD}.Debug|Any CPU.ActiveCfg = Debug|Any CPU
		{337807C8-1A49-459E-8BFF-4C4B040A5BDD}.Debug|Any CPU.Build.0 = Debug|Any CPU
		{337807C8-1A49-459E-8BFF-4C4B040A5BDD}.Release|Any CPU.ActiveCfg = Release|Any CPU
		{337807C8-1A49-459E-8BFF-4C4B040A5BDD}.Release|Any CPU.Build.0 = Release|Any CPU
	EndGlobalSection
EndGlobal
